
Microsoft Visual Studio Solution File, Format Version 12.00
# Visual Studio Version 17
VisualStudioVersion = 17.9.34622.214
MinimumVisualStudioVersion = 10.0.40219.1
Project("{FAE04EC0-301F-11D3-BF4B-00C04F79EFBC}") = "TesteDesafioDioLatest", "TesteDesafioDioLatest\TesteDesafioDioLatest.csproj", "{3FCDAFDC-DF3C-4D7A-8130-CC0B244A5DC4}"
EndProject
Project("{FAE04EC0-301F-11D3-BF4B-00C04F79EFBC}") = "TestDesafioDio", "TestDesafioDio\TestDesafioDio.csproj", "{1E18AFE1-7B23-419F-BEED-9233D6077C59}"
EndProject
Global
	GlobalSection(SolutionConfigurationPlatforms) = preSolution
		Debug|Any CPU = Debug|Any CPU
		Release|Any CPU = Release|Any CPU
	EndGlobalSection
	GlobalSection(ProjectConfigurationPlatforms) = postSolution
		{3FCDAFDC-DF3C-4D7A-8130-CC0B244A5DC4}.Debug|Any CPU.ActiveCfg = Debug|Any CPU
		{3FCDAFDC-DF3C-4D7A-8130-CC0B244A5DC4}.Debug|Any CPU.Build.0 = Debug|Any CPU
		{3FCDAFDC-DF3C-4D7A-8130-CC0B244A5DC4}.Release|Any CPU.ActiveCfg = Release|Any CPU
		{3FCDAFDC-DF3C-4D7A-8130-CC0B244A5DC4}.Release|Any CPU.Build.0 = Release|Any CPU
		{1E18AFE1-7B23-419F-BEED-9233D6077C59}.Debug|Any CPU.ActiveCfg = Debug|Any CPU
		{1E18AFE1-7B23-419F-BEED-9233D6077C59}.Debug|Any CPU.Build.0 = Debug|Any CPU
		{1E18AFE1-7B23-419F-BEED-9233D6077C59}.Release|Any CPU.ActiveCfg = Release|Any CPU
		{1E18AFE1-7B23-419F-BEED-9233D6077C59}.Release|Any CPU.Build.0 = Release|Any CPU
	EndGlobalSection
	GlobalSection(SolutionProperties) = preSolution
		HideSolutionNode = FALSE
	EndGlobalSection
	GlobalSection(ExtensibilityGlobals) = postSolution
		SolutionGuid = {EAC0CAE4-8DCF-4F67-8FC2-E1CEF76B3912}
	EndGlobalSection
EndGlobal
